// !$*UTF8*$!
{
	archiveVersion = 1;
	classes = {
	};
	objectVersion = 55;
	objects = {

/* Begin PBXBuildFile section */
		953077F52710BF07008B0575 /* Tests_iOS.swift in Sources */ = {isa = PBXBuildFile; fileRef = 953077F42710BF07008B0575 /* Tests_iOS.swift */; };
		953077F72710BF07008B0575 /* Tests_iOSLaunchTests.swift in Sources */ = {isa = PBXBuildFile; fileRef = 953077F62710BF07008B0575 /* Tests_iOSLaunchTests.swift */; };
		953078012710BF07008B0575 /* Tests_macOS.swift in Sources */ = {isa = PBXBuildFile; fileRef = 953078002710BF07008B0575 /* Tests_macOS.swift */; };
		953078032710BF07008B0575 /* Tests_macOSLaunchTests.swift in Sources */ = {isa = PBXBuildFile; fileRef = 953078022710BF07008B0575 /* Tests_macOSLaunchTests.swift */; };
		953078042710BF07008B0575 /* TestApp.swift in Sources */ = {isa = PBXBuildFile; fileRef = 953077DC2710BF04008B0575 /* TestApp.swift */; };
		953078052710BF07008B0575 /* TestApp.swift in Sources */ = {isa = PBXBuildFile; fileRef = 953077DC2710BF04008B0575 /* TestApp.swift */; };
		953078062710BF07008B0575 /* ContentView.swift in Sources */ = {isa = PBXBuildFile; fileRef = 953077DD2710BF04008B0575 /* ContentView.swift */; };
		953078072710BF07008B0575 /* ContentView.swift in Sources */ = {isa = PBXBuildFile; fileRef = 953077DD2710BF04008B0575 /* ContentView.swift */; };
		953078082710BF07008B0575 /* Assets.xcassets in Resources */ = {isa = PBXBuildFile; fileRef = 953077DE2710BF06008B0575 /* Assets.xcassets */; };
		953078092710BF07008B0575 /* Assets.xcassets in Resources */ = {isa = PBXBuildFile; fileRef = 953077DE2710BF06008B0575 /* Assets.xcassets */; };
/* End PBXBuildFile section */

/* Begin PBXContainerItemProxy section */
		953077F12710BF07008B0575 /* PBXContainerItemProxy */ = {
			isa = PBXContainerItemProxy;
			containerPortal = 953077D72710BF04008B0575 /* Project object */;
			proxyType = 1;
			remoteGlobalIDString = 953077E22710BF06008B0575;
			remoteInfo = "Test (iOS)";
		};
		953077FD2710BF07008B0575 /* PBXContainerItemProxy */ = {
			isa = PBXContainerItemProxy;
			containerPortal = 953077D72710BF04008B0575 /* Project object */;
			proxyType = 1;
			remoteGlobalIDString = 953077E82710BF06008B0575;
			remoteInfo = "Test (macOS)";
		};
/* End PBXContainerItemProxy section */

/* Begin PBXFileReference section */
		953077DC2710BF04008B0575 /* TestApp.swift */ = {isa = PBXFileReference; lastKnownFileType = sourcecode.swift; path = TestApp.swift; sourceTree = "<group>"; };
		953077DD2710BF04008B0575 /* ContentView.swift */ = {isa = PBXFileReference; lastKnownFileType = sourcecode.swift; path = ContentView.swift; sourceTree = "<group>"; };
		953077DE2710BF06008B0575 /* Assets.xcassets */ = {isa = PBXFileReference; lastKnownFileType = folder.assetcatalog; path = Assets.xcassets; sourceTree = "<group>"; };
		953077E32710BF06008B0575 /* Test.app */ = {isa = PBXFileReference; explicitFileType = wrapper.application; includeInIndex = 0; path = Test.app; sourceTree = BUILT_PRODUCTS_DIR; };
		953077E92710BF06008B0575 /* Test.app */ = {isa = PBXFileReference; explicitFileType = wrapper.application; includeInIndex = 0; path = Test.app; sourceTree = BUILT_PRODUCTS_DIR; };
		953077EB2710BF07008B0575 /* macOS.entitlements */ = {isa = PBXFileReference; lastKnownFileType = text.plist.entitlements; path = macOS.entitlements; sourceTree = "<group>"; };
		953077F02710BF07008B0575 /* Tests iOS.xctest */ = {isa = PBXFileReference; explicitFileType = wrapper.cfbundle; includeInIndex = 0; path = "Tests iOS.xctest"; sourceTree = BUILT_PRODUCTS_DIR; };
		953077F42710BF07008B0575 /* Tests_iOS.swift */ = {isa = PBXFileReference; lastKnownFileType = sourcecode.swift; path = Tests_iOS.swift; sourceTree = "<group>"; };
		953077F62710BF07008B0575 /* Tests_iOSLaunchTests.swift */ = {isa = PBXFileReference; lastKnownFileType = sourcecode.swift; path = Tests_iOSLaunchTests.swift; sourceTree = "<group>"; };
		953077FC2710BF07008B0575 /* Tests macOS.xctest */ = {isa = PBXFileReference; explicitFileType = wrapper.cfbundle; includeInIndex = 0; path = "Tests macOS.xctest"; sourceTree = BUILT_PRODUCTS_DIR; };
		953078002710BF07008B0575 /* Tests_macOS.swift */ = {isa = PBXFileReference; lastKnownFileType = sourcecode.swift; path = Tests_macOS.swift; sourceTree = "<group>"; };
		953078022710BF07008B0575 /* Tests_macOSLaunchTests.swift */ = {isa = PBXFileReference; lastKnownFileType = sourcecode.swift; path = Tests_macOSLaunchTests.swift; sourceTree = "<group>"; };
/* End PBXFileReference section */

/* Begin PBXFrameworksBuildPhase section */
		953077E02710BF06008B0575 /* Frameworks */ = {
			isa = PBXFrameworksBuildPhase;
			buildActionMask = 2147483647;
			files = (
			);
			runOnlyForDeploymentPostprocessing = 0;
		};
		953077E62710BF06008B0575 /* Frameworks */ = {
			isa = PBXFrameworksBuildPhase;
			buildActionMask = 2147483647;
			files = (
			);
			runOnlyForDeploymentPostprocessing = 0;
		};
		953077ED2710BF07008B0575 /* Frameworks */ = {
			isa = PBXFrameworksBuildPhase;
			buildActionMask = 2147483647;
			files = (
			);
			runOnlyForDeploymentPostprocessing = 0;
		};
		953077F92710BF07008B0575 /* Frameworks */ = {
			isa = PBXFrameworksBuildPhase;
			buildActionMask = 2147483647;
			files = (
			);
			runOnlyForDeploymentPostprocessing = 0;
		};
/* End PBXFrameworksBuildPhase section */

/* Begin PBXGroup section */
		953077D62710BF04008B0575 = {
			isa = PBXGroup;
			children = (
				953077DB2710BF04008B0575 /* Shared */,
				953077EA2710BF07008B0575 /* macOS */,
				953077F32710BF07008B0575 /* Tests iOS */,
				953077FF2710BF07008B0575 /* Tests macOS */,
				953077E42710BF06008B0575 /* Products */,
			);
			sourceTree = "<group>";
		};
		953077DB2710BF04008B0575 /* Shared */ = {
			isa = PBXGroup;
			children = (
				953077DC2710BF04008B0575 /* TestApp.swift */,
				953077DD2710BF04008B0575 /* ContentView.swift */,
				953077DE2710BF06008B0575 /* Assets.xcassets */,
			);
			path = Shared;
			sourceTree = "<group>";
		};
		953077E42710BF06008B0575 /* Products */ = {
			isa = PBXGroup;
			children = (
				953077E32710BF06008B0575 /* Test.app */,
				953077E92710BF06008B0575 /* Test.app */,
				953077F02710BF07008B0575 /* Tests iOS.xctest */,
				953077FC2710BF07008B0575 /* Tests macOS.xctest */,
			);
			name = Products;
			sourceTree = "<group>";
		};
		953077EA2710BF07008B0575 /* macOS */ = {
			isa = PBXGroup;
			children = (
				953077EB2710BF07008B0575 /* macOS.entitlements */,
			);
			path = macOS;
			sourceTree = "<group>";
		};
		953077F32710BF07008B0575 /* Tests iOS */ = {
			isa = PBXGroup;
			children = (
				953077F42710BF07008B0575 /* Tests_iOS.swift */,
				953077F62710BF07008B0575 /* Tests_iOSLaunchTests.swift */,
			);
			path = "Tests iOS";
			sourceTree = "<group>";
		};
		953077FF2710BF07008B0575 /* Tests macOS */ = {
			isa = PBXGroup;
			children = (
				953078002710BF07008B0575 /* Tests_macOS.swift */,
				953078022710BF07008B0575 /* Tests_macOSLaunchTests.swift */,
			);
			path = "Tests macOS";
			sourceTree = "<group>";
		};
/* End PBXGroup section */

/* Begin PBXNativeTarget section */
		953077E22710BF06008B0575 /* Test (iOS) */ = {
			isa = PBXNativeTarget;
			buildConfigurationList = 9530780C2710BF07008B0575 /* Build configuration list for PBXNativeTarget "Test (iOS)" */;
			buildPhases = (
				953077DF2710BF06008B0575 /* Sources */,
				953077E02710BF06008B0575 /* Frameworks */,
				953077E12710BF06008B0575 /* Resources */,
			);
			buildRules = (
			);
			dependencies = (
			);
			name = "Test (iOS)";
			productName = "Test (iOS)";
			productReference = 953077E32710BF06008B0575 /* Test.app */;
			productType = "com.apple.product-type.application";
		};
		953077E82710BF06008B0575 /* Test (macOS) */ = {
			isa = PBXNativeTarget;
			buildConfigurationList = 9530780F2710BF07008B0575 /* Build configuration list for PBXNativeTarget "Test (macOS)" */;
			buildPhases = (
				953077E52710BF06008B0575 /* Sources */,
				953077E62710BF06008B0575 /* Frameworks */,
				953077E72710BF06008B0575 /* Resources */,
			);
			buildRules = (
			);
			dependencies = (
			);
			name = "Test (macOS)";
			productName = "Test (macOS)";
			productReference = 953077E92710BF06008B0575 /* Test.app */;
			productType = "com.apple.product-type.application";
		};
		953077EF2710BF07008B0575 /* Tests iOS */ = {
			isa = PBXNativeTarget;
			buildConfigurationList = 953078122710BF07008B0575 /* Build configuration list for PBXNativeTarget "Tests iOS" */;
			buildPhases = (
				953077EC2710BF07008B0575 /* Sources */,
				953077ED2710BF07008B0575 /* Frameworks */,
				953077EE2710BF07008B0575 /* Resources */,
			);
			buildRules = (
			);
			dependencies = (
				953077F22710BF07008B0575 /* PBXTargetDependency */,
			);
			name = "Tests iOS";
			productName = "Tests iOS";
			productReference = 953077F02710BF07008B0575 /* Tests iOS.xctest */;
			productType = "com.apple.product-type.bundle.ui-testing";
		};
		953077FB2710BF07008B0575 /* Tests macOS */ = {
			isa = PBXNativeTarget;
			buildConfigurationList = 953078152710BF07008B0575 /* Build configuration list for PBXNativeTarget "Tests macOS" */;
			buildPhases = (
				953077F82710BF07008B0575 /* Sources */,
				953077F92710BF07008B0575 /* Frameworks */,
				953077FA2710BF07008B0575 /* Resources */,
			);
			buildRules = (
			);
			dependencies = (
				953077FE2710BF07008B0575 /* PBXTargetDependency */,
			);
			name = "Tests macOS";
			productName = "Tests macOS";
			productReference = 953077FC2710BF07008B0575 /* Tests macOS.xctest */;
			productType = "com.apple.product-type.bundle.ui-testing";
		};
/* End PBXNativeTarget section */

/* Begin PBXProject section */
		953077D72710BF04008B0575 /* Project object */ = {
			isa = PBXProject;
			attributes = {
				BuildIndependentTargetsInParallel = 1;
				LastSwiftUpdateCheck = 1300;
				LastUpgradeCheck = 1300;
				TargetAttributes = {
					953077E22710BF06008B0575 = {
						CreatedOnToolsVersion = 13.0;
					};
					953077E82710BF06008B0575 = {
						CreatedOnToolsVersion = 13.0;
					};
					953077EF2710BF07008B0575 = {
						CreatedOnToolsVersion = 13.0;
						TestTargetID = 953077E22710BF06008B0575;
					};
					953077FB2710BF07008B0575 = {
						CreatedOnToolsVersion = 13.0;
						TestTargetID = 953077E82710BF06008B0575;
					};
				};
			};
			buildConfigurationList = 953077DA2710BF04008B0575 /* Build configuration list for PBXProject "Test" */;
			compatibilityVersion = "Xcode 13.0";
			developmentRegion = en;
			hasScannedForEncodings = 0;
			knownRegions = (
				en,
				Base,
			);
			mainGroup = 953077D62710BF04008B0575;
			productRefGroup = 953077E42710BF06008B0575 /* Products */;
			projectDirPath = "";
			projectRoot = "";
			targets = (
				953077E22710BF06008B0575 /* Test (iOS) */,
				953077E82710BF06008B0575 /* Test (macOS) */,
				953077EF2710BF07008B0575 /* Tests iOS */,
				953077FB2710BF07008B0575 /* Tests macOS */,
			);
		};
/* End PBXProject section */

/* Begin PBXResourcesBuildPhase section */
		953077E12710BF06008B0575 /* Resources */ = {
			isa = PBXResourcesBuildPhase;
			buildActionMask = 2147483647;
			files = (
				953078082710BF07008B0575 /* Assets.xcassets in Resources */,
			);
			runOnlyForDeploymentPostprocessing = 0;
		};
		953077E72710BF06008B0575 /* Resources */ = {
			isa = PBXResourcesBuildPhase;
			buildActionMask = 2147483647;
			files = (
				953078092710BF07008B0575 /* Assets.xcassets in Resources */,
			);
			runOnlyForDeploymentPostprocessing = 0;
		};
		953077EE2710BF07008B0575 /* Resources */ = {
			isa = PBXResourcesBuildPhase;
			buildActionMask = 2147483647;
			files = (
			);
			runOnlyForDeploymentPostprocessing = 0;
		};
		953077FA2710BF07008B0575 /* Resources */ = {
			isa = PBXResourcesBuildPhase;
			buildActionMask = 2147483647;
			files = (
			);
			runOnlyForDeploymentPostprocessing = 0;
		};
/* End PBXResourcesBuildPhase section */

/* Begin PBXSourcesBuildPhase section */
		953077DF2710BF06008B0575 /* Sources */ = {
			isa = PBXSourcesBuildPhase;
			buildActionMask = 2147483647;
			files = (
				953078062710BF07008B0575 /* ContentView.swift in Sources */,
				953078042710BF07008B0575 /* TestApp.swift in Sources */,
			);
			runOnlyForDeploymentPostprocessing = 0;
		};
		953077E52710BF06008B0575 /* Sources */ = {
			isa = PBXSourcesBuildPhase;
			buildActionMask = 2147483647;
			files = (
				953078072710BF07008B0575 /* ContentView.swift in Sources */,
				953078052710BF07008B0575 /* TestApp.swift in Sources */,
			);
			runOnlyForDeploymentPostprocessing = 0;
		};
		953077EC2710BF07008B0575 /* Sources */ = {
			isa = PBXSourcesBuildPhase;
			buildActionMask = 2147483647;
			files = (
				953077F72710BF07008B0575 /* Tests_iOSLaunchTests.swift in Sources */,
				953077F52710BF07008B0575 /* Tests_iOS.swift in Sources */,
			);
			runOnlyForDeploymentPostprocessing = 0;
		};
		953077F82710BF07008B0575 /* Sources */ = {
			isa = PBXSourcesBuildPhase;
			buildActionMask = 2147483647;
			files = (
				953078032710BF07008B0575 /* Tests_macOSLaunchTests.swift in Sources */,
				953078012710BF07008B0575 /* Tests_macOS.swift in Sources */,
			);
			runOnlyForDeploymentPostprocessing = 0;
		};
/* End PBXSourcesBuildPhase section */

/* Begin PBXTargetDependency section */
		953077F22710BF07008B0575 /* PBXTargetDependency */ = {
			isa = PBXTargetDependency;
			target = 953077E22710BF06008B0575 /* Test (iOS) */;
			targetProxy = 953077F12710BF07008B0575 /* PBXContainerItemProxy */;
		};
		953077FE2710BF07008B0575 /* PBXTargetDependency */ = {
			isa = PBXTargetDependency;
			target = 953077E82710BF06008B0575 /* Test (macOS) */;
			targetProxy = 953077FD2710BF07008B0575 /* PBXContainerItemProxy */;
		};
/* End PBXTargetDependency section */

/* Begin XCBuildConfiguration section */
		9530780A2710BF07008B0575 /* Debug */ = {
			isa = XCBuildConfiguration;
			buildSettings = {
				ALWAYS_SEARCH_USER_PATHS = NO;
				CLANG_ANALYZER_NONNULL = YES;
				CLANG_ANALYZER_NUMBER_OBJECT_CONVERSION = YES_AGGRESSIVE;
				CLANG_CXX_LANGUAGE_STANDARD = "gnu++17";
				CLANG_CXX_LIBRARY = "libc++";
				CLANG_ENABLE_MODULES = YES;
				CLANG_ENABLE_OBJC_ARC = YES;
				CLANG_ENABLE_OBJC_WEAK = YES;
				CLANG_WARN_BLOCK_CAPTURE_AUTORELEASING = YES;
				CLANG_WARN_BOOL_CONVERSION = YES;
				CLANG_WARN_COMMA = YES;
				CLANG_WARN_CONSTANT_CONVERSION = YES;
				CLANG_WARN_DEPRECATED_OBJC_IMPLEMENTATIONS = YES;
				CLANG_WARN_DIRECT_OBJC_ISA_USAGE = YES_ERROR;
				CLANG_WARN_DOCUMENTATION_COMMENTS = YES;
				CLANG_WARN_EMPTY_BODY = YES;
				CLANG_WARN_ENUM_CONVERSION = YES;
				CLANG_WARN_INFINITE_RECURSION = YES;
				CLANG_WARN_INT_CONVERSION = YES;
				CLANG_WARN_NON_LITERAL_NULL_CONVERSION = YES;
				CLANG_WARN_OBJC_IMPLICIT_RETAIN_SELF = YES;
				CLANG_WARN_OBJC_LITERAL_CONVERSION = YES;
				CLANG_WARN_OBJC_ROOT_CLASS = YES_ERROR;
				CLANG_WARN_QUOTED_INCLUDE_IN_FRAMEWORK_HEADER = YES;
				CLANG_WARN_RANGE_LOOP_ANALYSIS = YES;
				CLANG_WARN_STRICT_PROTOTYPES = YES;
				CLANG_WARN_SUSPICIOUS_MOVE = YES;
				CLANG_WARN_UNGUARDED_AVAILABILITY = YES_AGGRESSIVE;
				CLANG_WARN_UNREACHABLE_CODE = YES;
				CLANG_WARN__DUPLICATE_METHOD_MATCH = YES;
				COPY_PHASE_STRIP = NO;
				DEBUG_INFORMATION_FORMAT = dwarf;
				ENABLE_STRICT_OBJC_MSGSEND = YES;
				ENABLE_TESTABILITY = YES;
				GCC_C_LANGUAGE_STANDARD = gnu11;
				GCC_DYNAMIC_NO_PIC = NO;
				GCC_NO_COMMON_BLOCKS = YES;
				GCC_OPTIMIZATION_LEVEL = 0;
				GCC_PREPROCESSOR_DEFINITIONS = (
					"DEBUG=1",
					"$(inherited)",
				);
				GCC_WARN_64_TO_32_BIT_CONVERSION = YES;
				GCC_WARN_ABOUT_RETURN_TYPE = YES_ERROR;
				GCC_WARN_UNDECLARED_SELECTOR = YES;
				GCC_WARN_UNINITIALIZED_AUTOS = YES_AGGRESSIVE;
				GCC_WARN_UNUSED_FUNCTION = YES;
				GCC_WARN_UNUSED_VARIABLE = YES;
				MTL_ENABLE_DEBUG_INFO = INCLUDE_SOURCE;
				MTL_FAST_MATH = YES;
				ONLY_ACTIVE_ARCH = YES;
				SWIFT_ACTIVE_COMPILATION_CONDITIONS = DEBUG;
				SWIFT_OPTIMIZATION_LEVEL = "-Onone";
			};
			name = Debug;
		};
		9530780B2710BF07008B0575 /* Release */ = {
			isa = XCBuildConfiguration;
			buildSettings = {
				ALWAYS_SEARCH_USER_PATHS = NO;
				CLANG_ANALYZER_NONNULL = YES;
				CLANG_ANALYZER_NUMBER_OBJECT_CONVERSION = YES_AGGRESSIVE;
				CLANG_CXX_LANGUAGE_STANDARD = "gnu++17";
				CLANG_CXX_LIBRARY = "libc++";
				CLANG_ENABLE_MODULES = YES;
				CLANG_ENABLE_OBJC_ARC = YES;
				CLANG_ENABLE_OBJC_WEAK = YES;
				CLANG_WARN_BLOCK_CAPTURE_AUTORELEASING = YES;
				CLANG_WARN_BOOL_CONVERSION = YES;
				CLANG_WARN_COMMA = YES;
				CLANG_WARN_CONSTANT_CONVERSION = YES;
				CLANG_WARN_DEPRECATED_OBJC_IMPLEMENTATIONS = YES;
				CLANG_WARN_DIRECT_OBJC_ISA_USAGE = YES_ERROR;
				CLANG_WARN_DOCUMENTATION_COMMENTS = YES;
				CLANG_WARN_EMPTY_BODY = YES;
				CLANG_WARN_ENUM_CONVERSION = YES;
				CLANG_WARN_INFINITE_RECURSION = YES;
				CLANG_WARN_INT_CONVERSION = YES;
				CLANG_WARN_NON_LITERAL_NULL_CONVERSION = YES;
				CLANG_WARN_OBJC_IMPLICIT_RETAIN_SELF = YES;
				CLANG_WARN_OBJC_LITERAL_CONVERSION = YES;
				CLANG_WARN_OBJC_ROOT_CLASS = YES_ERROR;
				CLANG_WARN_QUOTED_INCLUDE_IN_FRAMEWORK_HEADER = YES;
				CLANG_WARN_RANGE_LOOP_ANALYSIS = YES;
				CLANG_WARN_STRICT_PROTOTYPES = YES;
				CLANG_WARN_SUSPICIOUS_MOVE = YES;
				CLANG_WARN_UNGUARDED_AVAILABILITY = YES_AGGRESSIVE;
				CLANG_WARN_UNREACHABLE_CODE = YES;
				CLANG_WARN__DUPLICATE_METHOD_MATCH = YES;
				COPY_PHASE_STRIP = NO;
				DEBUG_INFORMATION_FORMAT = "dwarf-with-dsym";
				ENABLE_NS_ASSERTIONS = NO;
				ENABLE_STRICT_OBJC_MSGSEND = YES;
				GCC_C_LANGUAGE_STANDARD = gnu11;
				GCC_NO_COMMON_BLOCKS = YES;
				GCC_WARN_64_TO_32_BIT_CONVERSION = YES;
				GCC_WARN_ABOUT_RETURN_TYPE = YES_ERROR;
				GCC_WARN_UNDECLARED_SELECTOR = YES;
				GCC_WARN_UNINITIALIZED_AUTOS = YES_AGGRESSIVE;
				GCC_WARN_UNUSED_FUNCTION = YES;
				GCC_WARN_UNUSED_VARIABLE = YES;
				MTL_ENABLE_DEBUG_INFO = NO;
				MTL_FAST_MATH = YES;
				SWIFT_COMPILATION_MODE = wholemodule;
				SWIFT_OPTIMIZATION_LEVEL = "-O";
			};
			name = Release;
		};
		9530780D2710BF07008B0575 /* Debug */ = {
			isa = XCBuildConfiguration;
			buildSettings = {
				ASSETCATALOG_COMPILER_APPICON_NAME = AppIcon;
				ASSETCATALOG_COMPILER_GLOBAL_ACCENT_COLOR_NAME = AccentColor;
				CODE_SIGN_STYLE = Automatic;
				CURRENT_PROJECT_VERSION = 1;
				DEVELOPMENT_TEAM = 94KV3E626L;
				ENABLE_PREVIEWS = YES;
				GENERATE_INFOPLIST_FILE = YES;
				INFOPLIST_KEY_UIApplicationSceneManifest_Generation = YES;
				INFOPLIST_KEY_UIApplicationSupportsIndirectInputEvents = YES;
				INFOPLIST_KEY_UILaunchScreen_Generation = YES;
				INFOPLIST_KEY_UISupportedInterfaceOrientations_iPad = "UIInterfaceOrientationPortrait UIInterfaceOrientationPortraitUpsideDown UIInterfaceOrientationLandscapeLeft UIInterfaceOrientationLandscapeRight";
				INFOPLIST_KEY_UISupportedInterfaceOrientations_iPhone = "UIInterfaceOrientationPortrait UIInterfaceOrientationLandscapeLeft UIInterfaceOrientationLandscapeRight";
				IPHONEOS_DEPLOYMENT_TARGET = 14.0;
				LD_RUNPATH_SEARCH_PATHS = (
					"$(inherited)",
					"@executable_path/Frameworks",
				);
				MARKETING_VERSION = 1.0;
				PRODUCT_BUNDLE_IDENTIFIER = com.amazon.Test;
				PRODUCT_NAME = Test;
				SDKROOT = iphoneos;
				SWIFT_EMIT_LOC_STRINGS = YES;
				SWIFT_VERSION = 5.0;
				TARGETED_DEVICE_FAMILY = "1,2";
			};
			name = Debug;
		};
		9530780E2710BF07008B0575 /* Release */ = {
			isa = XCBuildConfiguration;
			buildSettings = {
				ASSETCATALOG_COMPILER_APPICON_NAME = AppIcon;
				ASSETCATALOG_COMPILER_GLOBAL_ACCENT_COLOR_NAME = AccentColor;
				CODE_SIGN_STYLE = Automatic;
				CURRENT_PROJECT_VERSION = 1;
				DEVELOPMENT_TEAM = 94KV3E626L;
				ENABLE_PREVIEWS = YES;
				GENERATE_INFOPLIST_FILE = YES;
				INFOPLIST_KEY_UIApplicationSceneManifest_Generation = YES;
				INFOPLIST_KEY_UIApplicationSupportsIndirectInputEvents = YES;
				INFOPLIST_KEY_UILaunchScreen_Generation = YES;
				INFOPLIST_KEY_UISupportedInterfaceOrientations_iPad = "UIInterfaceOrientationPortrait UIInterfaceOrientationPortraitUpsideDown UIInterfaceOrientationLandscapeLeft UIInterfaceOrientationLandscapeRight";
				INFOPLIST_KEY_UISupportedInterfaceOrientations_iPhone = "UIInterfaceOrientationPortrait UIInterfaceOrientationLandscapeLeft UIInterfaceOrientationLandscapeRight";
				IPHONEOS_DEPLOYMENT_TARGET = 14.0;
				LD_RUNPATH_SEARCH_PATHS = (
					"$(inherited)",
					"@executable_path/Frameworks",
				);
				MARKETING_VERSION = 1.0;
				PRODUCT_BUNDLE_IDENTIFIER = com.amazon.Test;
				PRODUCT_NAME = Test;
				SDKROOT = iphoneos;
				SWIFT_EMIT_LOC_STRINGS = YES;
				SWIFT_VERSION = 5.0;
				TARGETED_DEVICE_FAMILY = "1,2";
				VALIDATE_PRODUCT = YES;
			};
			name = Release;
		};
		953078102710BF07008B0575 /* Debug */ = {
			isa = XCBuildConfiguration;
			buildSettings = {
				ASSETCATALOG_COMPILER_APPICON_NAME = AppIcon;
				ASSETCATALOG_COMPILER_GLOBAL_ACCENT_COLOR_NAME = AccentColor;
				CODE_SIGN_ENTITLEMENTS = macOS/macOS.entitlements;
				CODE_SIGN_STYLE = Automatic;
				COMBINE_HIDPI_IMAGES = YES;
				CURRENT_PROJECT_VERSION = 1;
				DEVELOPMENT_TEAM = 94KV3E626L;
				ENABLE_HARDENED_RUNTIME = YES;
				ENABLE_PREVIEWS = YES;
				GENERATE_INFOPLIST_FILE = YES;
				INFOPLIST_KEY_NSHumanReadableCopyright = "";
				LD_RUNPATH_SEARCH_PATHS = (
					"$(inherited)",
					"@executable_path/../Frameworks",
				);
				MACOSX_DEPLOYMENT_TARGET = 11.0;
				MARKETING_VERSION = 1.0;
				PRODUCT_BUNDLE_IDENTIFIER = com.amazon.Test;
				PRODUCT_NAME = Test;
				SDKROOT = macosx;
				SWIFT_EMIT_LOC_STRINGS = YES;
				SWIFT_VERSION = 5.0;
			};
			name = Debug;
		};
		953078112710BF07008B0575 /* Release */ = {
			isa = XCBuildConfiguration;
			buildSettings = {
				ASSETCATALOG_COMPILER_APPICON_NAME = AppIcon;
				ASSETCATALOG_COMPILER_GLOBAL_ACCENT_COLOR_NAME = AccentColor;
				CODE_SIGN_ENTITLEMENTS = macOS/macOS.entitlements;
				CODE_SIGN_STYLE = Automatic;
				COMBINE_HIDPI_IMAGES = YES;
				CURRENT_PROJECT_VERSION = 1;
				DEVELOPMENT_TEAM = 94KV3E626L;
				ENABLE_HARDENED_RUNTIME = YES;
				ENABLE_PREVIEWS = YES;
				GENERATE_INFOPLIST_FILE = YES;
				INFOPLIST_KEY_NSHumanReadableCopyright = "";
				LD_RUNPATH_SEARCH_PATHS = (
					"$(inherited)",
					"@executable_path/../Frameworks",
				);
				MACOSX_DEPLOYMENT_TARGET = 11.0;
				MARKETING_VERSION = 1.0;
				PRODUCT_BUNDLE_IDENTIFIER = com.amazon.Test;
				PRODUCT_NAME = Test;
				SDKROOT = macosx;
				SWIFT_EMIT_LOC_STRINGS = YES;
				SWIFT_VERSION = 5.0;
			};
			name = Release;
		};
		953078132710BF07008B0575 /* Debug */ = {
			isa = XCBuildConfiguration;
			buildSettings = {
				ALWAYS_EMBED_SWIFT_STANDARD_LIBRARIES = YES;
				CODE_SIGN_STYLE = Automatic;
				CURRENT_PROJECT_VERSION = 1;
				DEVELOPMENT_TEAM = 94KV3E626L;
				GENERATE_INFOPLIST_FILE = YES;
				IPHONEOS_DEPLOYMENT_TARGET = 15.0;
				LD_RUNPATH_SEARCH_PATHS = (
					"$(inherited)",
					"@executable_path/Frameworks",
					"@loader_path/Frameworks",
				);
				MARKETING_VERSION = 1.0;
				PRODUCT_BUNDLE_IDENTIFIER = "com.amazon.Tests-iOS";
				PRODUCT_NAME = "$(TARGET_NAME)";
				SDKROOT = iphoneos;
				SWIFT_EMIT_LOC_STRINGS = NO;
				SWIFT_VERSION = 5.0;
				TARGETED_DEVICE_FAMILY = "1,2";
				TEST_TARGET_NAME = "Test (iOS)";
			};
			name = Debug;
		};
		953078142710BF07008B0575 /* Release */ = {
			isa = XCBuildConfiguration;
			buildSettings = {
				ALWAYS_EMBED_SWIFT_STANDARD_LIBRARIES = YES;
				CODE_SIGN_STYLE = Automatic;
				CURRENT_PROJECT_VERSION = 1;
				DEVELOPMENT_TEAM = 94KV3E626L;
				GENERATE_INFOPLIST_FILE = YES;
				IPHONEOS_DEPLOYMENT_TARGET = 15.0;
				LD_RUNPATH_SEARCH_PATHS = (
					"$(inherited)",
					"@executable_path/Frameworks",
					"@loader_path/Frameworks",
				);
				MARKETING_VERSION = 1.0;
				PRODUCT_BUNDLE_IDENTIFIER = "com.amazon.Tests-iOS";
				PRODUCT_NAME = "$(TARGET_NAME)";
				SDKROOT = iphoneos;
				SWIFT_EMIT_LOC_STRINGS = NO;
				SWIFT_VERSION = 5.0;
				TARGETED_DEVICE_FAMILY = "1,2";
				TEST_TARGET_NAME = "Test (iOS)";
				VALIDATE_PRODUCT = YES;
			};
			name = Release;
		};
		953078162710BF07008B0575 /* Debug */ = {
			isa = XCBuildConfiguration;
			buildSettings = {
				ALWAYS_EMBED_SWIFT_STANDARD_LIBRARIES = YES;
				CODE_SIGN_STYLE = Automatic;
				COMBINE_HIDPI_IMAGES = YES;
				CURRENT_PROJECT_VERSION = 1;
				DEVELOPMENT_TEAM = 94KV3E626L;
				GENERATE_INFOPLIST_FILE = YES;
				LD_RUNPATH_SEARCH_PATHS = (
					"$(inherited)",
					"@executable_path/../Frameworks",
					"@loader_path/../Frameworks",
				);
				MACOSX_DEPLOYMENT_TARGET = 11.3;
				MARKETING_VERSION = 1.0;
				PRODUCT_BUNDLE_IDENTIFIER = "com.amazon.Tests-macOS";
				PRODUCT_NAME = "$(TARGET_NAME)";
				SDKROOT = macosx;
				SWIFT_EMIT_LOC_STRINGS = NO;
				SWIFT_VERSION = 5.0;
				TEST_TARGET_NAME = "Test (macOS)";
			};
			name = Debug;
		};
		953078172710BF07008B0575 /* Release */ = {
			isa = XCBuildConfiguration;
			buildSettings = {
				ALWAYS_EMBED_SWIFT_STANDARD_LIBRARIES = YES;
				CODE_SIGN_STYLE = Automatic;
				COMBINE_HIDPI_IMAGES = YES;
				CURRENT_PROJECT_VERSION = 1;
				DEVELOPMENT_TEAM = 94KV3E626L;
				GENERATE_INFOPLIST_FILE = YES;
				LD_RUNPATH_SEARCH_PATHS = (
					"$(inherited)",
					"@executable_path/../Frameworks",
					"@loader_path/../Frameworks",
				);
				MACOSX_DEPLOYMENT_TARGET = 11.3;
				MARKETING_VERSION = 1.0;
				PRODUCT_BUNDLE_IDENTIFIER = "com.amazon.Tests-macOS";
				PRODUCT_NAME = "$(TARGET_NAME)";
				SDKROOT = macosx;
				SWIFT_EMIT_LOC_STRINGS = NO;
				SWIFT_VERSION = 5.0;
				TEST_TARGET_NAME = "Test (macOS)";
			};
			name = Release;
		};
/* End XCBuildConfiguration section */

/* Begin XCConfigurationList section */
		953077DA2710BF04008B0575 /* Build configuration list for PBXProject "Test" */ = {
			isa = XCConfigurationList;
			buildConfigurations = (
				9530780A2710BF07008B0575 /* Debug */,
				9530780B2710BF07008B0575 /* Release */,
			);
			defaultConfigurationIsVisible = 0;
			defaultConfigurationName = Release;
		};
		9530780C2710BF07008B0575 /* Build configuration list for PBXNativeTarget "Test (iOS)" */ = {
			isa = XCConfigurationList;
			buildConfigurations = (
				9530780D2710BF07008B0575 /* Debug */,
				9530780E2710BF07008B0575 /* Release */,
			);
			defaultConfigurationIsVisible = 0;
			defaultConfigurationName = Release;
		};
		9530780F2710BF07008B0575 /* Build configuration list for PBXNativeTarget "Test (macOS)" */ = {
			isa = XCConfigurationList;
			buildConfigurations = (
				953078102710BF07008B0575 /* Debug */,
				953078112710BF07008B0575 /* Release */,
			);
			defaultConfigurationIsVisible = 0;
			defaultConfigurationName = Release;
		};
		953078122710BF07008B0575 /* Build configuration list for PBXNativeTarget "Tests iOS" */ = {
			isa = XCConfigurationList;
			buildConfigurations = (
				953078132710BF07008B0575 /* Debug */,
				953078142710BF07008B0575 /* Release */,
			);
			defaultConfigurationIsVisible = 0;
			defaultConfigurationName = Release;
		};
		953078152710BF07008B0575 /* Build configuration list for PBXNativeTarget "Tests macOS" */ = {
			isa = XCConfigurationList;
			buildConfigurations = (
				953078162710BF07008B0575 /* Debug */,
				953078172710BF07008B0575 /* Release */,
			);
			defaultConfigurationIsVisible = 0;
			defaultConfigurationName = Release;
		};
/* End XCConfigurationList section */
	};
	rootObject = 953077D72710BF04008B0575 /* Project object */;
}
